
Microsoft Visual Studio Solution File, Format Version 11.00
# Visual Studio 2010
Project("{FAE04EC0-301F-11D3-BF4B-00C04F79EFBC}") = "Assembly-CSharp", "Assembly-CSharp.csproj", "{1ca579ae-7e95-fd69-1da7-73cdf3579878}"
EndProject
Project("{FAE04EC0-301F-11D3-BF4B-00C04F79EFBC}") = "AillieoUtils.UnityDynamicScrollView", "AillieoUtils.UnityDynamicScrollView.csproj", "{ab37be15-3e06-9122-ed1f-8768baabec80}"
EndProject
Project("{FAE04EC0-301F-11D3-BF4B-00C04F79EFBC}") = "LoopScrollRect.Runtime", "LoopScrollRect.Runtime.csproj", "{8553adf6-4a19-0570-3b82-cb867c60fa98}"
EndProject
Project("{FAE04EC0-301F-11D3-BF4B-00C04F79EFBC}") = "Assembly-CSharp-Editor", "Assembly-CSharp-Editor.csproj", "{caa3dbe7-fb6d-6bd0-25c5-c5c4c8aac441}"
EndProject
Project("{FAE04EC0-301F-11D3-BF4B-00C04F79EFBC}") = "AillieoUtils.UnityDynamicScrollView.Editor", "AillieoUtils.UnityDynamicScrollView.Editor.csproj", "{66a7cb95-68af-a4da-8b2d-02cba134a40e}"
EndProject
Project("{FAE04EC0-301F-11D3-BF4B-00C04F79EFBC}") = "LoopScrollRect.Editor", "LoopScrollRect.Editor.csproj", "{2a68328d-8b5b-0168-3fc2-b771a1eb4413}"
EndProject
Global
	GlobalSection(SolutionConfigurationPlatforms) = preSolution
		Debug|Any CPU = Debug|Any CPU
	EndGlobalSection
	GlobalSection(ProjectConfigurationPlatforms) = postSolution
		{1ca579ae-7e95-fd69-1da7-73cdf3579878}.Debug|Any CPU.ActiveCfg = Debug|Any CPU
		{1ca579ae-7e95-fd69-1da7-73cdf3579878}.Debug|Any CPU.Build.0 = Debug|Any CPU
		{ab37be15-3e06-9122-ed1f-8768baabec80}.Debug|Any CPU.ActiveCfg = Debug|Any CPU
		{ab37be15-3e06-9122-ed1f-8768baabec80}.Debug|Any CPU.Build.0 = Debug|Any CPU
		{8553adf6-4a19-0570-3b82-cb867c60fa98}.Debug|Any CPU.ActiveCfg = Debug|Any CPU
		{8553adf6-4a19-0570-3b82-cb867c60fa98}.Debug|Any CPU.Build.0 = Debug|Any CPU
		{caa3dbe7-fb6d-6bd0-25c5-c5c4c8aac441}.Debug|Any CPU.ActiveCfg = Debug|Any CPU
		{caa3dbe7-fb6d-6bd0-25c5-c5c4c8aac441}.Debug|Any CPU.Build.0 = Debug|Any CPU
		{66a7cb95-68af-a4da-8b2d-02cba134a40e}.Debug|Any CPU.ActiveCfg = Debug|Any CPU
		{66a7cb95-68af-a4da-8b2d-02cba134a40e}.Debug|Any CPU.Build.0 = Debug|Any CPU
		{2a68328d-8b5b-0168-3fc2-b771a1eb4413}.Debug|Any CPU.ActiveCfg = Debug|Any CPU
		{2a68328d-8b5b-0168-3fc2-b771a1eb4413}.Debug|Any CPU.Build.0 = Debug|Any CPU
	EndGlobalSection
	GlobalSection(SolutionProperties) = preSolution
		HideSolutionNode = FALSE
	EndGlobalSection
EndGlobal
